// !$*UTF8*$!
{
	archiveVersion = 1;
	classes = {
	};
	objectVersion = 46;
	objects = {

/* Begin PBXBuildFile section */
		9905ED811DFF15F000A3B066 /* RecipeDetailHeader.swift in Sources */ = {isa = PBXBuildFile; fileRef = 9905ED801DFF15F000A3B066 /* RecipeDetailHeader.swift */; };
		996273001E024D18007B8C6F /* AllergiesCell.swift in Sources */ = {isa = PBXBuildFile; fileRef = 996272FF1E024D18007B8C6F /* AllergiesCell.swift */; };
		99E7C23C1DF38DBB0032A888 /* AppDelegate.swift in Sources */ = {isa = PBXBuildFile; fileRef = 99E7C23B1DF38DBB0032A888 /* AppDelegate.swift */; };
		99E7C2411DF38DBB0032A888 /* Main.storyboard in Resources */ = {isa = PBXBuildFile; fileRef = 99E7C23F1DF38DBB0032A888 /* Main.storyboard */; };
		99E7C2441DF38DBB0032A888 /* Saucesy.xcdatamodeld in Sources */ = {isa = PBXBuildFile; fileRef = 99E7C2421DF38DBB0032A888 /* Saucesy.xcdatamodeld */; };
		99E7C2461DF38DBB0032A888 /* Assets.xcassets in Resources */ = {isa = PBXBuildFile; fileRef = 99E7C2451DF38DBB0032A888 /* Assets.xcassets */; };
		99E7C2491DF38DBB0032A888 /* LaunchScreen.storyboard in Resources */ = {isa = PBXBuildFile; fileRef = 99E7C2471DF38DBB0032A888 /* LaunchScreen.storyboard */; };
		99E7C2551DF390BD0032A888 /* TabBarController.swift in Sources */ = {isa = PBXBuildFile; fileRef = 99E7C2541DF390BD0032A888 /* TabBarController.swift */; };
		99E7C2571DF39FD40032A888 /* RecipesVC.swift in Sources */ = {isa = PBXBuildFile; fileRef = 99E7C2561DF39FD40032A888 /* RecipesVC.swift */; };
		99E7C2591DF3B91D0032A888 /* Extensions.swift in Sources */ = {isa = PBXBuildFile; fileRef = 99E7C2581DF3B91D0032A888 /* Extensions.swift */; };
		99E7C25B1DF3BAC90032A888 /* RecipeCell.swift in Sources */ = {isa = PBXBuildFile; fileRef = 99E7C25A1DF3BAC90032A888 /* RecipeCell.swift */; };
		99ED7F461DF89FEF00185BA6 /* recipeDetailVC.swift in Sources */ = {isa = PBXBuildFile; fileRef = 99ED7F451DF89FEF00185BA6 /* recipeDetailVC.swift */; };
/* End PBXBuildFile section */

/* Begin PBXFileReference section */
		9905ED801DFF15F000A3B066 /* RecipeDetailHeader.swift */ = {isa = PBXFileReference; fileEncoding = 4; lastKnownFileType = sourcecode.swift; path = RecipeDetailHeader.swift; sourceTree = "<group>"; };
		996272FF1E024D18007B8C6F /* AllergiesCell.swift */ = {isa = PBXFileReference; fileEncoding = 4; lastKnownFileType = sourcecode.swift; path = AllergiesCell.swift; sourceTree = "<group>"; };
		99E7C2381DF38DBB0032A888 /* Saucesy.app */ = {isa = PBXFileReference; explicitFileType = wrapper.application; includeInIndex = 0; path = Saucesy.app; sourceTree = BUILT_PRODUCTS_DIR; };
		99E7C23B1DF38DBB0032A888 /* AppDelegate.swift */ = {isa = PBXFileReference; lastKnownFileType = sourcecode.swift; path = AppDelegate.swift; sourceTree = "<group>"; };
		99E7C2401DF38DBB0032A888 /* Base */ = {isa = PBXFileReference; lastKnownFileType = file.storyboard; name = Base; path = Base.lproj/Main.storyboard; sourceTree = "<group>"; };
		99E7C2431DF38DBB0032A888 /* Saucesy.xcdatamodel */ = {isa = PBXFileReference; lastKnownFileType = wrapper.xcdatamodel; path = Saucesy.xcdatamodel; sourceTree = "<group>"; };
		99E7C2451DF38DBB0032A888 /* Assets.xcassets */ = {isa = PBXFileReference; lastKnownFileType = folder.assetcatalog; path = Assets.xcassets; sourceTree = "<group>"; };
		99E7C2481DF38DBB0032A888 /* Base */ = {isa = PBXFileReference; lastKnownFileType = file.storyboard; name = Base; path = Base.lproj/LaunchScreen.storyboard; sourceTree = "<group>"; };
		99E7C24A1DF38DBB0032A888 /* Info.plist */ = {isa = PBXFileReference; lastKnownFileType = text.plist.xml; path = Info.plist; sourceTree = "<group>"; };
		99E7C2541DF390BD0032A888 /* TabBarController.swift */ = {isa = PBXFileReference; fileEncoding = 4; lastKnownFileType = sourcecode.swift; path = TabBarController.swift; sourceTree = "<group>"; };
		99E7C2561DF39FD40032A888 /* RecipesVC.swift */ = {isa = PBXFileReference; fileEncoding = 4; lastKnownFileType = sourcecode.swift; path = RecipesVC.swift; sourceTree = "<group>"; };
		99E7C2581DF3B91D0032A888 /* Extensions.swift */ = {isa = PBXFileReference; fileEncoding = 4; lastKnownFileType = sourcecode.swift; path = Extensions.swift; sourceTree = "<group>"; };
		99E7C25A1DF3BAC90032A888 /* RecipeCell.swift */ = {isa = PBXFileReference; fileEncoding = 4; lastKnownFileType = sourcecode.swift; path = RecipeCell.swift; sourceTree = "<group>"; };
		99ED7F451DF89FEF00185BA6 /* recipeDetailVC.swift */ = {isa = PBXFileReference; fileEncoding = 4; lastKnownFileType = sourcecode.swift; path = recipeDetailVC.swift; sourceTree = "<group>"; };
/* End PBXFileReference section */

/* Begin PBXFrameworksBuildPhase section */
		99E7C2351DF38DBB0032A888 /* Frameworks */ = {
			isa = PBXFrameworksBuildPhase;
			buildActionMask = 2147483647;
			files = (
			);
			runOnlyForDeploymentPostprocessing = 0;
		};
/* End PBXFrameworksBuildPhase section */

/* Begin PBXGroup section */
		990B6B5E1E01B96E003DDA43 /* Recipes */ = {
			isa = PBXGroup;
			children = (
				996272FF1E024D18007B8C6F /* AllergiesCell.swift */,
				9905ED801DFF15F000A3B066 /* RecipeDetailHeader.swift */,
				99E7C25A1DF3BAC90032A888 /* RecipeCell.swift */,
			);
			name = Recipes;
			sourceTree = "<group>";
		};
		99E7C22F1DF38DBB0032A888 = {
			isa = PBXGroup;
			children = (
				99E7C23A1DF38DBB0032A888 /* Saucesy */,
				99E7C2391DF38DBB0032A888 /* Products */,
			);
			sourceTree = "<group>";
		};
		99E7C2391DF38DBB0032A888 /* Products */ = {
			isa = PBXGroup;
			children = (
				99E7C2381DF38DBB0032A888 /* Saucesy.app */,
			);
			name = Products;
			sourceTree = "<group>";
		};
		99E7C23A1DF38DBB0032A888 /* Saucesy */ = {
			isa = PBXGroup;
			children = (
				99E7C2501DF38F740032A888 /* Model */,
				99E7C2511DF38F7F0032A888 /* View */,
				99E7C2521DF38F870032A888 /* Controller */,
				99E7C2531DF38F8F0032A888 /* Utilities */,
				99E7C23B1DF38DBB0032A888 /* AppDelegate.swift */,
				99E7C23F1DF38DBB0032A888 /* Main.storyboard */,
				99E7C2451DF38DBB0032A888 /* Assets.xcassets */,
				99E7C2471DF38DBB0032A888 /* LaunchScreen.storyboard */,
				99E7C24A1DF38DBB0032A888 /* Info.plist */,
				99E7C2421DF38DBB0032A888 /* Saucesy.xcdatamodeld */,
			);
			path = Saucesy;
			sourceTree = "<group>";
		};
		99E7C2501DF38F740032A888 /* Model */ = {
			isa = PBXGroup;
			children = (
			);
			name = Model;
			sourceTree = "<group>";
		};
		99E7C2511DF38F7F0032A888 /* View */ = {
			isa = PBXGroup;
			children = (
				990B6B5E1E01B96E003DDA43 /* Recipes */,
			);
			name = View;
			sourceTree = "<group>";
		};
		99E7C2521DF38F870032A888 /* Controller */ = {
			isa = PBXGroup;
			children = (
				99ED7F451DF89FEF00185BA6 /* recipeDetailVC.swift */,
				99E7C2561DF39FD40032A888 /* RecipesVC.swift */,
				99E7C2541DF390BD0032A888 /* TabBarController.swift */,
			);
			name = Controller;
			sourceTree = "<group>";
		};
		99E7C2531DF38F8F0032A888 /* Utilities */ = {
			isa = PBXGroup;
			children = (
				99E7C2581DF3B91D0032A888 /* Extensions.swift */,
			);
			name = Utilities;
			sourceTree = "<group>";
		};
/* End PBXGroup section */

/* Begin PBXNativeTarget section */
		99E7C2371DF38DBB0032A888 /* Saucesy */ = {
			isa = PBXNativeTarget;
			buildConfigurationList = 99E7C24D1DF38DBB0032A888 /* Build configuration list for PBXNativeTarget "Saucesy" */;
			buildPhases = (
				99E7C2341DF38DBB0032A888 /* Sources */,
				99E7C2351DF38DBB0032A888 /* Frameworks */,
				99E7C2361DF38DBB0032A888 /* Resources */,
			);
			buildRules = (
			);
			dependencies = (
			);
			name = Saucesy;
			productName = Saucesy;
			productReference = 99E7C2381DF38DBB0032A888 /* Saucesy.app */;
			productType = "com.apple.product-type.application";
		};
/* End PBXNativeTarget section */

/* Begin PBXProject section */
		99E7C2301DF38DBB0032A888 /* Project object */ = {
			isa = PBXProject;
			attributes = {
				LastSwiftUpdateCheck = 0800;
				LastUpgradeCheck = 0800;
				ORGANIZATIONNAME = Saucesy;
				TargetAttributes = {
					99E7C2371DF38DBB0032A888 = {
						CreatedOnToolsVersion = 8.0;
						DevelopmentTeam = X3J8HXL99A;
						ProvisioningStyle = Automatic;
					};
				};
			};
			buildConfigurationList = 99E7C2331DF38DBB0032A888 /* Build configuration list for PBXProject "Saucesy" */;
			compatibilityVersion = "Xcode 3.2";
			developmentRegion = English;
			hasScannedForEncodings = 0;
			knownRegions = (
				en,
				Base,
			);
			mainGroup = 99E7C22F1DF38DBB0032A888;
			productRefGroup = 99E7C2391DF38DBB0032A888 /* Products */;
			projectDirPath = "";
			projectRoot = "";
			targets = (
				99E7C2371DF38DBB0032A888 /* Saucesy */,
			);
		};
/* End PBXProject section */

/* Begin PBXResourcesBuildPhase section */
		99E7C2361DF38DBB0032A888 /* Resources */ = {
			isa = PBXResourcesBuildPhase;
			buildActionMask = 2147483647;
			files = (
				99E7C2491DF38DBB0032A888 /* LaunchScreen.storyboard in Resources */,
				99E7C2461DF38DBB0032A888 /* Assets.xcassets in Resources */,
				99E7C2411DF38DBB0032A888 /* Main.storyboard in Resources */,
			);
			runOnlyForDeploymentPostprocessing = 0;
		};
/* End PBXResourcesBuildPhase section */

/* Begin PBXSourcesBuildPhase section */
		99E7C2341DF38DBB0032A888 /* Sources */ = {
			isa = PBXSourcesBuildPhase;
			buildActionMask = 2147483647;
			files = (
				996273001E024D18007B8C6F /* AllergiesCell.swift in Sources */,
				99E7C2591DF3B91D0032A888 /* Extensions.swift in Sources */,
				99E7C2571DF39FD40032A888 /* RecipesVC.swift in Sources */,
				99E7C2441DF38DBB0032A888 /* Saucesy.xcdatamodeld in Sources */,
				99ED7F461DF89FEF00185BA6 /* recipeDetailVC.swift in Sources */,
				99E7C2551DF390BD0032A888 /* TabBarController.swift in Sources */,
				99E7C23C1DF38DBB0032A888 /* AppDelegate.swift in Sources */,
				99E7C25B1DF3BAC90032A888 /* RecipeCell.swift in Sources */,
				9905ED811DFF15F000A3B066 /* RecipeDetailHeader.swift in Sources */,
			);
			runOnlyForDeploymentPostprocessing = 0;
		};
/* End PBXSourcesBuildPhase section */

/* Begin PBXVariantGroup section */
		99E7C23F1DF38DBB0032A888 /* Main.storyboard */ = {
			isa = PBXVariantGroup;
			children = (
				99E7C2401DF38DBB0032A888 /* Base */,
			);
			name = Main.storyboard;
			sourceTree = "<group>";
		};
		99E7C2471DF38DBB0032A888 /* LaunchScreen.storyboard */ = {
			isa = PBXVariantGroup;
			children = (
				99E7C2481DF38DBB0032A888 /* Base */,
			);
			name = LaunchScreen.storyboard;
			sourceTree = "<group>";
		};
/* End PBXVariantGroup section */

/* Begin XCBuildConfiguration section */
		99E7C24B1DF38DBB0032A888 /* Debug */ = {
			isa = XCBuildConfiguration;
			buildSettings = {
				ALWAYS_SEARCH_USER_PATHS = NO;
				CLANG_ANALYZER_NONNULL = YES;
				CLANG_CXX_LANGUAGE_STANDARD = "gnu++0x";
				CLANG_CXX_LIBRARY = "libc++";
				CLANG_ENABLE_MODULES = YES;
				CLANG_ENABLE_OBJC_ARC = YES;
				CLANG_WARN_BOOL_CONVERSION = YES;
				CLANG_WARN_CONSTANT_CONVERSION = YES;
				CLANG_WARN_DIRECT_OBJC_ISA_USAGE = YES_ERROR;
				CLANG_WARN_DOCUMENTATION_COMMENTS = YES;
				CLANG_WARN_EMPTY_BODY = YES;
				CLANG_WARN_ENUM_CONVERSION = YES;
				CLANG_WARN_INFINITE_RECURSION = YES;
				CLANG_WARN_INT_CONVERSION = YES;
				CLANG_WARN_OBJC_ROOT_CLASS = YES_ERROR;
				CLANG_WARN_SUSPICIOUS_MOVES = YES;
				CLANG_WARN_UNREACHABLE_CODE = YES;
				CLANG_WARN__DUPLICATE_METHOD_MATCH = YES;
				"CODE_SIGN_IDENTITY[sdk=iphoneos*]" = "iPhone Developer";
				COPY_PHASE_STRIP = NO;
				DEBUG_INFORMATION_FORMAT = dwarf;
				ENABLE_STRICT_OBJC_MSGSEND = YES;
				ENABLE_TESTABILITY = YES;
				GCC_C_LANGUAGE_STANDARD = gnu99;
				GCC_DYNAMIC_NO_PIC = NO;
				GCC_NO_COMMON_BLOCKS = YES;
				GCC_OPTIMIZATION_LEVEL = 0;
				GCC_PREPROCESSOR_DEFINITIONS = (
					"DEBUG=1",
					"$(inherited)",
				);
				GCC_WARN_64_TO_32_BIT_CONVERSION = YES;
				GCC_WARN_ABOUT_RETURN_TYPE = YES_ERROR;
				GCC_WARN_UNDECLARED_SELECTOR = YES;
				GCC_WARN_UNINITIALIZED_AUTOS = YES_AGGRESSIVE;
				GCC_WARN_UNUSED_FUNCTION = YES;
				GCC_WARN_UNUSED_VARIABLE = YES;
				IPHONEOS_DEPLOYMENT_TARGET = 10.0;
				MTL_ENABLE_DEBUG_INFO = YES;
				ONLY_ACTIVE_ARCH = YES;
				SDKROOT = iphoneos;
				SWIFT_ACTIVE_COMPILATION_CONDITIONS = DEBUG;
				SWIFT_OPTIMIZATION_LEVEL = "-Onone";
				TARGETED_DEVICE_FAMILY = "1,2";
			};
			name = Debug;
		};
		99E7C24C1DF38DBB0032A888 /* Release */ = {
			isa = XCBuildConfiguration;
			buildSettings = {
				ALWAYS_SEARCH_USER_PATHS = NO;
				CLANG_ANALYZER_NONNULL = YES;
				CLANG_CXX_LANGUAGE_STANDARD = "gnu++0x";
				CLANG_CXX_LIBRARY = "libc++";
				CLANG_ENABLE_MODULES = YES;
				CLANG_ENABLE_OBJC_ARC = YES;
				CLANG_WARN_BOOL_CONVERSION = YES;
				CLANG_WARN_CONSTANT_CONVERSION = YES;
				CLANG_WARN_DIRECT_OBJC_ISA_USAGE = YES_ERROR;
				CLANG_WARN_DOCUMENTATION_COMMENTS = YES;
				CLANG_WARN_EMPTY_BODY = YES;
				CLANG_WARN_ENUM_CONVERSION = YES;
				CLANG_WARN_INFINITE_RECURSION = YES;
				CLANG_WARN_INT_CONVERSION = YES;
				CLANG_WARN_OBJC_ROOT_CLASS = YES_ERROR;
				CLANG_WARN_SUSPICIOUS_MOVES = YES;
				CLANG_WARN_UNREACHABLE_CODE = YES;
				CLANG_WARN__DUPLICATE_METHOD_MATCH = YES;
				"CODE_SIGN_IDENTITY[sdk=iphoneos*]" = "iPhone Developer";
				COPY_PHASE_STRIP = NO;
				DEBUG_INFORMATION_FORMAT = "dwarf-with-dsym";
				ENABLE_NS_ASSERTIONS = NO;
				ENABLE_STRICT_OBJC_MSGSEND = YES;
				GCC_C_LANGUAGE_STANDARD = gnu99;
				GCC_NO_COMMON_BLOCKS = YES;
				GCC_WARN_64_TO_32_BIT_CONVERSION = YES;
				GCC_WARN_ABOUT_RETURN_TYPE = YES_ERROR;
				GCC_WARN_UNDECLARED_SELECTOR = YES;
				GCC_WARN_UNINITIALIZED_AUTOS = YES_AGGRESSIVE;
				GCC_WARN_UNUSED_FUNCTION = YES;
				GCC_WARN_UNUSED_VARIABLE = YES;
				IPHONEOS_DEPLOYMENT_TARGET = 10.0;
				MTL_ENABLE_DEBUG_INFO = NO;
				SDKROOT = iphoneos;
				SWIFT_OPTIMIZATION_LEVEL = "-Owholemodule";
				TARGETED_DEVICE_FAMILY = "1,2";
				VALIDATE_PRODUCT = YES;
			};
			name = Release;
		};
		99E7C24E1DF38DBB0032A888 /* Debug */ = {
			isa = XCBuildConfiguration;
			buildSettings = {
				ASSETCATALOG_COMPILER_APPICON_NAME = AppIcon;
				DEVELOPMENT_TEAM = X3J8HXL99A;
				INFOPLIST_FILE = Saucesy/Info.plist;
				LD_RUNPATH_SEARCH_PATHS = "$(inherited) @executable_path/Frameworks";
				PRODUCT_BUNDLE_IDENTIFIER = com.saucesy.Saucesy;
				PRODUCT_NAME = "$(TARGET_NAME)";
				SWIFT_VERSION = 3.0;
			};
			name = Debug;
		};
		99E7C24F1DF38DBB0032A888 /* Release */ = {
			isa = XCBuildConfiguration;
			buildSettings = {
				ASSETCATALOG_COMPILER_APPICON_NAME = AppIcon;
				DEVELOPMENT_TEAM = X3J8HXL99A;
				INFOPLIST_FILE = Saucesy/Info.plist;
				LD_RUNPATH_SEARCH_PATHS = "$(inherited) @executable_path/Frameworks";
				PRODUCT_BUNDLE_IDENTIFIER = com.saucesy.Saucesy;
				PRODUCT_NAME = "$(TARGET_NAME)";
				SWIFT_VERSION = 3.0;
			};
			name = Release;
		};
/* End XCBuildConfiguration section */

/* Begin XCConfigurationList section */
		99E7C2331DF38DBB0032A888 /* Build configuration list for PBXProject "Saucesy" */ = {
			isa = XCConfigurationList;
			buildConfigurations = (
				99E7C24B1DF38DBB0032A888 /* Debug */,
				99E7C24C1DF38DBB0032A888 /* Release */,
			);
			defaultConfigurationIsVisible = 0;
			defaultConfigurationName = Release;
		};
		99E7C24D1DF38DBB0032A888 /* Build configuration list for PBXNativeTarget "Saucesy" */ = {
			isa = XCConfigurationList;
			buildConfigurations = (
				99E7C24E1DF38DBB0032A888 /* Debug */,
				99E7C24F1DF38DBB0032A888 /* Release */,
			);
			defaultConfigurationIsVisible = 0;
			defaultConfigurationName = Release;
		};
/* End XCConfigurationList section */

/* Begin XCVersionGroup section */
		99E7C2421DF38DBB0032A888 /* Saucesy.xcdatamodeld */ = {
			isa = XCVersionGroup;
			children = (
				99E7C2431DF38DBB0032A888 /* Saucesy.xcdatamodel */,
			);
			currentVersion = 99E7C2431DF38DBB0032A888 /* Saucesy.xcdatamodel */;
			path = Saucesy.xcdatamodeld;
			sourceTree = "<group>";
			versionGroupType = wrapper.xcdatamodel;
		};
/* End XCVersionGroup section */
	};
	rootObject = 99E7C2301DF38DBB0032A888 /* Project object */;
}
